
Microsoft Visual Studio Solution File, Format Version 12.00
# Visual Studio Version 17
VisualStudioVersion = 17.7.34024.191
MinimumVisualStudioVersion = 10.0.40219.1
Project("{8BC9CEB8-8B4A-11D0-8D11-00A0C91BC942}") = "EDM_PROG_Motor videojocs grafics", "EDM_PROG_Motor videojocs grafics\EDM_PROG_Motor videojocs grafics.vcxproj", "{72F3125A-9FA5-433E-9848-057D1EDA0417}"
EndProject
Global
	GlobalSection(SolutionConfigurationPlatforms) = preSolution
		Debug|x64 = Debug|x64
		Debug|x86 = Debug|x86
		Release|x64 = Release|x64
		Release|x86 = Release|x86
	EndGlobalSection
	GlobalSection(ProjectConfigurationPlatforms) = postSolution
		{72F3125A-9FA5-433E-9848-057D1EDA0417}.Debug|x64.ActiveCfg = Debug|x64
		{72F3125A-9FA5-433E-9848-057D1EDA0417}.Debug|x64.Build.0 = Debug|x64
		{72F3125A-9FA5-433E-9848-057D1EDA0417}.Debug|x86.ActiveCfg = Debug|Win32
		{72F3125A-9FA5-433E-9848-057D1EDA0417}.Debug|x86.Build.0 = Debug|Win32
		{72F3125A-9FA5-433E-9848-057D1EDA0417}.Release|x64.ActiveCfg = Release|x64
		{72F3125A-9FA5-433E-9848-057D1EDA0417}.Release|x64.Build.0 = Release|x64
		{72F3125A-9FA5-433E-9848-057D1EDA0417}.Release|x86.ActiveCfg = Release|Win32
		{72F3125A-9FA5-433E-9848-057D1EDA0417}.Release|x86.Build.0 = Release|Win32
	EndGlobalSection
	GlobalSection(SolutionProperties) = preSolution
		HideSolutionNode = FALSE
	EndGlobalSection
	GlobalSection(ExtensibilityGlobals) = postSolution
		SolutionGuid = {E678F402-17FB-41A4-B1CA-AD795618D295}
	EndGlobalSection
EndGlobal
